
Microsoft Visual Studio Solution File, Format Version 12.00
# Visual Studio Version 16
VisualStudioVersion = 16.0.29609.76
MinimumVisualStudioVersion = 10.0.40219.1
Project("{8BC9CEB8-8B4A-11D0-8D11-00A0C91BC942}") = "Sandbox", "Sandbox\Sandbox.vcxproj", "{E9212ED7-D620-4192-8F88-40947BD0DCA2}"
EndProject
Project("{8BC9CEB8-8B4A-11D0-8D11-00A0C91BC942}") = "MyGE", "MyGE\MyGE.vcxproj", "{65238FE7-F670-432F-B5CC-BAA53C0647EE}"
EndProject
Global
	GlobalSection(SolutionConfigurationPlatforms) = preSolution
		Debug|x64 = Debug|x64
		Release|x64 = Release|x64
	EndGlobalSection
	GlobalSection(ProjectConfigurationPlatforms) = postSolution
		{65238FE7-F670-432F-B5CC-BAA53C0647EE}.Debug|x64.ActiveCfg = Debug|x64
		{65238FE7-F670-432F-B5CC-BAA53C0647EE}.Debug|x64.Build.0 = Debug|x64
		{65238FE7-F670-432F-B5CC-BAA53C0647EE}.Release|x64.ActiveCfg = Release|x64
		{65238FE7-F670-432F-B5CC-BAA53C0647EE}.Release|x64.Build.0 = Release|x64
		{E9212ED7-D620-4192-8F88-40947BD0DCA2}.Debug|x64.ActiveCfg = Debug|x64
		{E9212ED7-D620-4192-8F88-40947BD0DCA2}.Debug|x64.Build.0 = Debug|x64
		{E9212ED7-D620-4192-8F88-40947BD0DCA2}.Release|x64.ActiveCfg = Release|x64
		{E9212ED7-D620-4192-8F88-40947BD0DCA2}.Release|x64.Build.0 = Release|x64
	EndGlobalSection
	GlobalSection(SolutionProperties) = preSolution
		HideSolutionNode = FALSE
	EndGlobalSection
	GlobalSection(ExtensibilityGlobals) = postSolution
		SolutionGuid = {D62F279F-395B-46B9-BFAC-79CBFAC9CA2F}
	EndGlobalSection
EndGlobal
